Microsoft Visual Studio Solution File, Format Version 12.00
# Visual Studio Version 17
VisualStudioVersion = 17.5.2.0
MinimumVisualStudioVersion = 10.0.40219.1
Project("{FAE04EC0-301F-11D3-BF4B-00C04F79EFBC}") = "Sxg-Eval-Platform-Api", "Sxg-Eval-Platform-Api.csproj", "{ABD72C90-753A-6CF3-41A7-344067E9F6BC}"
EndProject
Global
	GlobalSection(SolutionConfigurationPlatforms) = preSolution
		Debug|Any CPU = Debug|Any CPU
		Release|Any CPU = Release|Any CPU
	EndGlobalSection
	GlobalSection(ProjectConfigurationPlatforms) = postSolution
		{ABD72C90-753A-6CF3-41A7-344067E9F6BC}.Debug|Any CPU.ActiveCfg = Debug|Any CPU
		{ABD72C90-753A-6CF3-41A7-344067E9F6BC}.Debug|Any CPU.Build.0 = Debug|Any CPU
		{ABD72C90-753A-6CF3-41A7-344067E9F6BC}.Release|Any CPU.ActiveCfg = Release|Any CPU
		{ABD72C90-753A-6CF3-41A7-344067E9F6BC}.Release|Any CPU.Build.0 = Release|Any CPU
	EndGlobalSection
	GlobalSection(SolutionProperties) = preSolution
		HideSolutionNode = FALSE
	EndGlobalSection
	GlobalSection(ExtensibilityGlobals) = postSolution
		SolutionGuid = {776ED6B6-69A9-42D3-BD77-29E00FE0231C}
	EndGlobalSection
EndGlobal
